
Microsoft Visual Studio Solution File, Format Version 12.00
# Visual Studio Version 17
VisualStudioVersion = 17.4.32804.182
MinimumVisualStudioVersion = 10.0.40219.1
Project("{FAE04EC0-301F-11D3-BF4B-00C04F79EFBC}") = "WebApplication1", "WebApplication1\WebApplication1.csproj", "{44B2880B-3308-4872-9275-83FEC1C64DA1}"
EndProject
Global
	GlobalSection(SolutionConfigurationPlatforms) = preSolution
		Debug|Any CPU = Debug|Any CPU
		Release|Any CPU = Release|Any CPU
	EndGlobalSection
	GlobalSection(ProjectConfigurationPlatforms) = postSolution
		{44B2880B-3308-4872-9275-83FEC1C64DA1}.Debug|Any CPU.ActiveCfg = Debug|Any CPU
		{44B2880B-3308-4872-9275-83FEC1C64DA1}.Debug|Any CPU.Build.0 = Debug|Any CPU
		{44B2880B-3308-4872-9275-83FEC1C64DA1}.Release|Any CPU.ActiveCfg = Release|Any CPU
		{44B2880B-3308-4872-9275-83FEC1C64DA1}.Release|Any CPU.Build.0 = Release|Any CPU
	EndGlobalSection
	GlobalSection(SolutionProperties) = preSolution
		HideSolutionNode = FALSE
	EndGlobalSection
	GlobalSection(ExtensibilityGlobals) = postSolution
		SolutionGuid = {26A7167B-93EB-4CC5-A356-EA15BA8EF310}
	EndGlobalSection
EndGlobal
