
Microsoft Visual Studio Solution File, Format Version 12.00
# Visual Studio Version 17
VisualStudioVersion = 17.4.32804.182
MinimumVisualStudioVersion = 10.0.40219.1
Project("{9A19103F-16F7-4668-BE54-9A1E7A4F7556}") = "Delegates", "Delegates\Delegates.csproj", "{7E057BA4-C8B6-4FB6-9A9E-9478F9EEEFBA}"
EndProject
Project("{FAE04EC0-301F-11D3-BF4B-00C04F79EFBC}") = "RealExample", "RealExample\RealExample.csproj", "{FDE36280-EC14-4E92-A204-C32EEC4CF865}"
EndProject
Project("{FAE04EC0-301F-11D3-BF4B-00C04F79EFBC}") = "RealGoodExample", "RealGoodExample\RealGoodExample.csproj", "{92E8C63B-7ECD-46DD-A677-F768A4090CE1}"
EndProject
Global
	GlobalSection(SolutionConfigurationPlatforms) = preSolution
		Debug|Any CPU = Debug|Any CPU
		Release|Any CPU = Release|Any CPU
	EndGlobalSection
	GlobalSection(ProjectConfigurationPlatforms) = postSolution
		{7E057BA4-C8B6-4FB6-9A9E-9478F9EEEFBA}.Debug|Any CPU.ActiveCfg = Debug|Any CPU
		{7E057BA4-C8B6-4FB6-9A9E-9478F9EEEFBA}.Debug|Any CPU.Build.0 = Debug|Any CPU
		{7E057BA4-C8B6-4FB6-9A9E-9478F9EEEFBA}.Release|Any CPU.ActiveCfg = Release|Any CPU
		{7E057BA4-C8B6-4FB6-9A9E-9478F9EEEFBA}.Release|Any CPU.Build.0 = Release|Any CPU
		{FDE36280-EC14-4E92-A204-C32EEC4CF865}.Debug|Any CPU.ActiveCfg = Debug|Any CPU
		{FDE36280-EC14-4E92-A204-C32EEC4CF865}.Debug|Any CPU.Build.0 = Debug|Any CPU
		{FDE36280-EC14-4E92-A204-C32EEC4CF865}.Release|Any CPU.ActiveCfg = Release|Any CPU
		{FDE36280-EC14-4E92-A204-C32EEC4CF865}.Release|Any CPU.Build.0 = Release|Any CPU
		{92E8C63B-7ECD-46DD-A677-F768A4090CE1}.Debug|Any CPU.ActiveCfg = Debug|Any CPU
		{92E8C63B-7ECD-46DD-A677-F768A4090CE1}.Debug|Any CPU.Build.0 = Debug|Any CPU
		{92E8C63B-7ECD-46DD-A677-F768A4090CE1}.Release|Any CPU.ActiveCfg = Release|Any CPU
		{92E8C63B-7ECD-46DD-A677-F768A4090CE1}.Release|Any CPU.Build.0 = Release|Any CPU
	EndGlobalSection
	GlobalSection(SolutionProperties) = preSolution
		HideSolutionNode = FALSE
	EndGlobalSection
	GlobalSection(ExtensibilityGlobals) = postSolution
		SolutionGuid = {9AF624BF-458D-41D6-B26C-5BC852ECB1F1}
	EndGlobalSection
EndGlobal
