
Microsoft Visual Studio Solution File, Format Version 12.00
# Visual Studio Version 17
VisualStudioVersion = 17.1.32319.34
MinimumVisualStudioVersion = 10.0.40219.1
Project("{8BC9CEB8-8B4A-11D0-8D11-00A0C91BC942}") = "String", "String\String.vcxproj", "{F39A037E-F7A1-4F36-A8D5-70D590726161}"
EndProject
Global
	GlobalSection(SolutionConfigurationPlatforms) = preSolution
		Debug|x64 = Debug|x64
		Debug|x86 = Debug|x86
		Release|x64 = Release|x64
		Release|x86 = Release|x86
	EndGlobalSection
	GlobalSection(ProjectConfigurationPlatforms) = postSolution
		{F39A037E-F7A1-4F36-A8D5-70D590726161}.Debug|x64.ActiveCfg = Debug|x64
		{F39A037E-F7A1-4F36-A8D5-70D590726161}.Debug|x64.Build.0 = Debug|x64
		{F39A037E-F7A1-4F36-A8D5-70D590726161}.Debug|x86.ActiveCfg = Debug|Win32
		{F39A037E-F7A1-4F36-A8D5-70D590726161}.Debug|x86.Build.0 = Debug|Win32
		{F39A037E-F7A1-4F36-A8D5-70D590726161}.Release|x64.ActiveCfg = Release|x64
		{F39A037E-F7A1-4F36-A8D5-70D590726161}.Release|x64.Build.0 = Release|x64
		{F39A037E-F7A1-4F36-A8D5-70D590726161}.Release|x86.ActiveCfg = Release|Win32
		{F39A037E-F7A1-4F36-A8D5-70D590726161}.Release|x86.Build.0 = Release|Win32
	EndGlobalSection
	GlobalSection(SolutionProperties) = preSolution
		HideSolutionNode = FALSE
	EndGlobalSection
	GlobalSection(ExtensibilityGlobals) = postSolution
		SolutionGuid = {FDD826A4-669E-46F8-B57F-E27EADC74D6A}
	EndGlobalSection
EndGlobal
